
Microsoft Visual Studio Solution File, Format Version 12.00
Project("{FAE04EC0-301F-11D3-BF4B-00C04F79EFBC}") = "CodeChallenge", "CodeChallenge\CodeChallenge.csproj", "{60E5E9F6-F01F-4BEB-BB1B-E023B327BB13}"
EndProject
Project("{FAE04EC0-301F-11D3-BF4B-00C04F79EFBC}") = "UnitTest", "UnitTest\UnitTest.csproj", "{C7C513BB-E2D5-404F-9DC7-97206F48A7BC}"
EndProject
Project("{FAE04EC0-301F-11D3-BF4B-00C04F79EFBC}") = "Playground", "Playground\Playground.csproj", "{8565066F-6FDC-4816-AA1B-A79036F58B34}"
EndProject
Global
	GlobalSection(SolutionConfigurationPlatforms) = preSolution
		Debug|Any CPU = Debug|Any CPU
		Release|Any CPU = Release|Any CPU
	EndGlobalSection
	GlobalSection(ProjectConfigurationPlatforms) = postSolution
		{60E5E9F6-F01F-4BEB-BB1B-E023B327BB13}.Debug|Any CPU.ActiveCfg = Debug|Any CPU
		{60E5E9F6-F01F-4BEB-BB1B-E023B327BB13}.Debug|Any CPU.Build.0 = Debug|Any CPU
		{60E5E9F6-F01F-4BEB-BB1B-E023B327BB13}.Release|Any CPU.ActiveCfg = Release|Any CPU
		{60E5E9F6-F01F-4BEB-BB1B-E023B327BB13}.Release|Any CPU.Build.0 = Release|Any CPU
		{C7C513BB-E2D5-404F-9DC7-97206F48A7BC}.Debug|Any CPU.ActiveCfg = Debug|Any CPU
		{C7C513BB-E2D5-404F-9DC7-97206F48A7BC}.Debug|Any CPU.Build.0 = Debug|Any CPU
		{C7C513BB-E2D5-404F-9DC7-97206F48A7BC}.Release|Any CPU.ActiveCfg = Release|Any CPU
		{C7C513BB-E2D5-404F-9DC7-97206F48A7BC}.Release|Any CPU.Build.0 = Release|Any CPU
		{8565066F-6FDC-4816-AA1B-A79036F58B34}.Debug|Any CPU.ActiveCfg = Debug|Any CPU
		{8565066F-6FDC-4816-AA1B-A79036F58B34}.Debug|Any CPU.Build.0 = Debug|Any CPU
		{8565066F-6FDC-4816-AA1B-A79036F58B34}.Release|Any CPU.ActiveCfg = Release|Any CPU
		{8565066F-6FDC-4816-AA1B-A79036F58B34}.Release|Any CPU.Build.0 = Release|Any CPU
	EndGlobalSection
EndGlobal
